// !$*UTF8*$!
{
	archiveVersion = 1;
	classes = {
	};
	objectVersion = 50;
	objects = {

/* Begin PBXBuildFile section */
		06D1F7CCE5ADC2E423B3A0B1 /* Pods_ios_drawer_menu_demo.framework in Frameworks */ = {isa = PBXBuildFile; fileRef = DD5325E7E77E4BA8DB574533 /* Pods_ios_drawer_menu_demo.framework */; };
		6AABDD20A20F472F90336050 /* Pods_ios_drawer_menu_demoTests.framework in Frameworks */ = {isa = PBXBuildFile; fileRef = 22CBB92596C6889FA7DEBB45 /* Pods_ios_drawer_menu_demoTests.framework */; };
		6B891A1854A7EDB2CF93198D /* Pods_ios_drawer_menu_demoUITests.framework in Frameworks */ = {isa = PBXBuildFile; fileRef = 44FC3861D86C753C1DD4750B /* Pods_ios_drawer_menu_demoUITests.framework */; };
		B62EE7C62130165100A5763B /* AppDelegate.swift in Sources */ = {isa = PBXBuildFile; fileRef = B62EE7C52130165100A5763B /* AppDelegate.swift */; };
		B62EE7C82130165100A5763B /* ViewController.swift in Sources */ = {isa = PBXBuildFile; fileRef = B62EE7C72130165100A5763B /* ViewController.swift */; };
		B62EE7CB2130165200A5763B /* Main.storyboard in Resources */ = {isa = PBXBuildFile; fileRef = B62EE7C92130165200A5763B /* Main.storyboard */; };
		B62EE7CD2130165300A5763B /* Assets.xcassets in Resources */ = {isa = PBXBuildFile; fileRef = B62EE7CC2130165300A5763B /* Assets.xcassets */; };
		B62EE7D02130165300A5763B /* LaunchScreen.storyboard in Resources */ = {isa = PBXBuildFile; fileRef = B62EE7CE2130165300A5763B /* LaunchScreen.storyboard */; };
		B62EE7DB2130165300A5763B /* ios_drawer_menu_demoTests.swift in Sources */ = {isa = PBXBuildFile; fileRef = B62EE7DA2130165300A5763B /* ios_drawer_menu_demoTests.swift */; };
		B62EE7E62130165300A5763B /* ios_drawer_menu_demoUITests.swift in Sources */ = {isa = PBXBuildFile; fileRef = B62EE7E52130165300A5763B /* ios_drawer_menu_demoUITests.swift */; };
/* End PBXBuildFile section */

/* Begin PBXContainerItemProxy section */
		B62EE7D72130165300A5763B /* PBXContainerItemProxy */ = {
			isa = PBXContainerItemProxy;
			containerPortal = B62EE7BA2130165100A5763B /* Project object */;
			proxyType = 1;
			remoteGlobalIDString = B62EE7C12130165100A5763B;
			remoteInfo = "ios-drawer-menu-demo";
		};
		B62EE7E22130165300A5763B /* PBXContainerItemProxy */ = {
			isa = PBXContainerItemProxy;
			containerPortal = B62EE7BA2130165100A5763B /* Project object */;
			proxyType = 1;
			remoteGlobalIDString = B62EE7C12130165100A5763B;
			remoteInfo = "ios-drawer-menu-demo";
		};
/* End PBXContainerItemProxy section */

/* Begin PBXFileReference section */
		22CBB92596C6889FA7DEBB45 /* Pods_ios_drawer_menu_demoTests.framework */ = {isa = PBXFileReference; explicitFileType = wrapper.framework; includeInIndex = 0; path = Pods_ios_drawer_menu_demoTests.framework; sourceTree = BUILT_PRODUCTS_DIR; };
		44FC3861D86C753C1DD4750B /* Pods_ios_drawer_menu_demoUITests.framework */ = {isa = PBXFileReference; explicitFileType = wrapper.framework; includeInIndex = 0; path = Pods_ios_drawer_menu_demoUITests.framework; sourceTree = BUILT_PRODUCTS_DIR; };
		54BE0A3C86F9D560DA0ACE30 /* Pods-ios-drawer-menu-demoTests.debug.xcconfig */ = {isa = PBXFileReference; includeInIndex = 1; lastKnownFileType = text.xcconfig; name = "Pods-ios-drawer-menu-demoTests.debug.xcconfig"; path = "Pods/Target Support Files/Pods-ios-drawer-menu-demoTests/Pods-ios-drawer-menu-demoTests.debug.xcconfig"; sourceTree = "<group>"; };
		6744B7D42538AB6D6398FE3A /* Pods-ios-drawer-menu-demoTests.release.xcconfig */ = {isa = PBXFileReference; includeInIndex = 1; lastKnownFileType = text.xcconfig; name = "Pods-ios-drawer-menu-demoTests.release.xcconfig"; path = "Pods/Target Support Files/Pods-ios-drawer-menu-demoTests/Pods-ios-drawer-menu-demoTests.release.xcconfig"; sourceTree = "<group>"; };
		7147E785CB87210F0EC50300 /* Pods-ios-drawer-menu-demoUITests.debug.xcconfig */ = {isa = PBXFileReference; includeInIndex = 1; lastKnownFileType = text.xcconfig; name = "Pods-ios-drawer-menu-demoUITests.debug.xcconfig"; path = "Pods/Target Support Files/Pods-ios-drawer-menu-demoUITests/Pods-ios-drawer-menu-demoUITests.debug.xcconfig"; sourceTree = "<group>"; };
		78C5ED83EA708FE59DDB524E /* Pods-ios-drawer-menu-demo.debug.xcconfig */ = {isa = PBXFileReference; includeInIndex = 1; lastKnownFileType = text.xcconfig; name = "Pods-ios-drawer-menu-demo.debug.xcconfig"; path = "Pods/Target Support Files/Pods-ios-drawer-menu-demo/Pods-ios-drawer-menu-demo.debug.xcconfig"; sourceTree = "<group>"; };
		7F88618F3394B546758FE7E8 /* Pods-ios-drawer-menu-demoUITests.release.xcconfig */ = {isa = PBXFileReference; includeInIndex = 1; lastKnownFileType = text.xcconfig; name = "Pods-ios-drawer-menu-demoUITests.release.xcconfig"; path = "Pods/Target Support Files/Pods-ios-drawer-menu-demoUITests/Pods-ios-drawer-menu-demoUITests.release.xcconfig"; sourceTree = "<group>"; };
		82BB1A52D7ADB872DB7246AE /* Pods-ios-drawer-menu-demo.release.xcconfig */ = {isa = PBXFileReference; includeInIndex = 1; lastKnownFileType = text.xcconfig; name = "Pods-ios-drawer-menu-demo.release.xcconfig"; path = "Pods/Target Support Files/Pods-ios-drawer-menu-demo/Pods-ios-drawer-menu-demo.release.xcconfig"; sourceTree = "<group>"; };
		B62EE7C22130165100A5763B /* ios-drawer-menu-demo.app */ = {isa = PBXFileReference; explicitFileType = wrapper.application; includeInIndex = 0; path = "ios-drawer-menu-demo.app"; sourceTree = BUILT_PRODUCTS_DIR; };
		B62EE7C52130165100A5763B /* AppDelegate.swift */ = {isa = PBXFileReference; lastKnownFileType = sourcecode.swift; path = AppDelegate.swift; sourceTree = "<group>"; };
		B62EE7C72130165100A5763B /* ViewController.swift */ = {isa = PBXFileReference; lastKnownFileType = sourcecode.swift; path = ViewController.swift; sourceTree = "<group>"; };
		B62EE7CA2130165200A5763B /* Base */ = {isa = PBXFileReference; lastKnownFileType = file.storyboard; name = Base; path = Base.lproj/Main.storyboard; sourceTree = "<group>"; };
		B62EE7CC2130165300A5763B /* Assets.xcassets */ = {isa = PBXFileReference; lastKnownFileType = folder.assetcatalog; path = Assets.xcassets; sourceTree = "<group>"; };
		B62EE7CF2130165300A5763B /* Base */ = {isa = PBXFileReference; lastKnownFileType = file.storyboard; name = Base; path = Base.lproj/LaunchScreen.storyboard; sourceTree = "<group>"; };
		B62EE7D12130165300A5763B /* Info.plist */ = {isa = PBXFileReference; lastKnownFileType = text.plist.xml; path = Info.plist; sourceTree = "<group>"; };
		B62EE7D62130165300A5763B /* ios-drawer-menu-demoTests.xctest */ = {isa = PBXFileReference; explicitFileType = wrapper.cfbundle; includeInIndex = 0; path = "ios-drawer-menu-demoTests.xctest"; sourceTree = BUILT_PRODUCTS_DIR; };
		B62EE7DA2130165300A5763B /* ios_drawer_menu_demoTests.swift */ = {isa = PBXFileReference; lastKnownFileType = sourcecode.swift; path = ios_drawer_menu_demoTests.swift; sourceTree = "<group>"; };
		B62EE7DC2130165300A5763B /* Info.plist */ = {isa = PBXFileReference; lastKnownFileType = text.plist.xml; path = Info.plist; sourceTree = "<group>"; };
		B62EE7E12130165300A5763B /* ios-drawer-menu-demoUITests.xctest */ = {isa = PBXFileReference; explicitFileType = wrapper.cfbundle; includeInIndex = 0; path = "ios-drawer-menu-demoUITests.xctest"; sourceTree = BUILT_PRODUCTS_DIR; };
		B62EE7E52130165300A5763B /* ios_drawer_menu_demoUITests.swift */ = {isa = PBXFileReference; lastKnownFileType = sourcecode.swift; path = ios_drawer_menu_demoUITests.swift; sourceTree = "<group>"; };
		B62EE7E72130165300A5763B /* Info.plist */ = {isa = PBXFileReference; lastKnownFileType = text.plist.xml; path = Info.plist; sourceTree = "<group>"; };
		DD5325E7E77E4BA8DB574533 /* Pods_ios_drawer_menu_demo.framework */ = {isa = PBXFileReference; explicitFileType = wrapper.framework; includeInIndex = 0; path = Pods_ios_drawer_menu_demo.framework; sourceTree = BUILT_PRODUCTS_DIR; };
/* End PBXFileReference section */

/* Begin PBXFrameworksBuildPhase section */
		B62EE7BF2130165100A5763B /* Frameworks */ = {
			isa = PBXFrameworksBuildPhase;
			buildActionMask = 2147483647;
			files = (
				06D1F7CCE5ADC2E423B3A0B1 /* Pods_ios_drawer_menu_demo.framework in Frameworks */,
			);
			runOnlyForDeploymentPostprocessing = 0;
		};
		B62EE7D32130165300A5763B /* Frameworks */ = {
			isa = PBXFrameworksBuildPhase;
			buildActionMask = 2147483647;
			files = (
				6AABDD20A20F472F90336050 /* Pods_ios_drawer_menu_demoTests.framework in Frameworks */,
			);
			runOnlyForDeploymentPostprocessing = 0;
		};
		B62EE7DE2130165300A5763B /* Frameworks */ = {
			isa = PBXFrameworksBuildPhase;
			buildActionMask = 2147483647;
			files = (
				6B891A1854A7EDB2CF93198D /* Pods_ios_drawer_menu_demoUITests.framework in Frameworks */,
			);
			runOnlyForDeploymentPostprocessing = 0;
		};
/* End PBXFrameworksBuildPhase section */

/* Begin PBXGroup section */
		636C08D9553BECD2703DCE40 /* Frameworks */ = {
			isa = PBXGroup;
			children = (
				DD5325E7E77E4BA8DB574533 /* Pods_ios_drawer_menu_demo.framework */,
				22CBB92596C6889FA7DEBB45 /* Pods_ios_drawer_menu_demoTests.framework */,
				44FC3861D86C753C1DD4750B /* Pods_ios_drawer_menu_demoUITests.framework */,
			);
			name = Frameworks;
			sourceTree = "<group>";
		};
		6D6E9F2E7ADC2704F290A330 /* Pods */ = {
			isa = PBXGroup;
			children = (
				78C5ED83EA708FE59DDB524E /* Pods-ios-drawer-menu-demo.debug.xcconfig */,
				82BB1A52D7ADB872DB7246AE /* Pods-ios-drawer-menu-demo.release.xcconfig */,
				54BE0A3C86F9D560DA0ACE30 /* Pods-ios-drawer-menu-demoTests.debug.xcconfig */,
				6744B7D42538AB6D6398FE3A /* Pods-ios-drawer-menu-demoTests.release.xcconfig */,
				7147E785CB87210F0EC50300 /* Pods-ios-drawer-menu-demoUITests.debug.xcconfig */,
				7F88618F3394B546758FE7E8 /* Pods-ios-drawer-menu-demoUITests.release.xcconfig */,
			);
			name = Pods;
			sourceTree = "<group>";
		};
		B62EE7B92130165100A5763B = {
			isa = PBXGroup;
			children = (
				B62EE7C42130165100A5763B /* ios-drawer-menu-demo */,
				B62EE7D92130165300A5763B /* ios-drawer-menu-demoTests */,
				B62EE7E42130165300A5763B /* ios-drawer-menu-demoUITests */,
				B62EE7C32130165100A5763B /* Products */,
				6D6E9F2E7ADC2704F290A330 /* Pods */,
				636C08D9553BECD2703DCE40 /* Frameworks */,
			);
			sourceTree = "<group>";
		};
		B62EE7C32130165100A5763B /* Products */ = {
			isa = PBXGroup;
			children = (
				B62EE7C22130165100A5763B /* ios-drawer-menu-demo.app */,
				B62EE7D62130165300A5763B /* ios-drawer-menu-demoTests.xctest */,
				B62EE7E12130165300A5763B /* ios-drawer-menu-demoUITests.xctest */,
			);
			name = Products;
			sourceTree = "<group>";
		};
		B62EE7C42130165100A5763B /* ios-drawer-menu-demo */ = {
			isa = PBXGroup;
			children = (
				B699A342213020300073584E /* Extension */,
				B699A343213020370073584E /* Utility */,
				B699A344213020480073584E /* Data */,
				B699A3452130204D0073584E /* Domain */,
				B699A346213020570073584E /* Presentation */,
				B699A347213020630073584E /* Others */,
				B62EE7C72130165100A5763B /* ViewController.swift */,
				B62EE7C92130165200A5763B /* Main.storyboard */,
			);
			path = "ios-drawer-menu-demo";
			sourceTree = "<group>";
		};
		B62EE7D92130165300A5763B /* ios-drawer-menu-demoTests */ = {
			isa = PBXGroup;
			children = (
				B62EE7DA2130165300A5763B /* ios_drawer_menu_demoTests.swift */,
				B62EE7DC2130165300A5763B /* Info.plist */,
			);
			path = "ios-drawer-menu-demoTests";
			sourceTree = "<group>";
		};
		B62EE7E42130165300A5763B /* ios-drawer-menu-demoUITests */ = {
			isa = PBXGroup;
			children = (
				B62EE7E52130165300A5763B /* ios_drawer_menu_demoUITests.swift */,
				B62EE7E72130165300A5763B /* Info.plist */,
			);
			path = "ios-drawer-menu-demoUITests";
			sourceTree = "<group>";
		};
		B699A342213020300073584E /* Extension */ = {
			isa = PBXGroup;
			children = (
			);
			path = Extension;
			sourceTree = "<group>";
		};
		B699A343213020370073584E /* Utility */ = {
			isa = PBXGroup;
			children = (
			);
			path = Utility;
			sourceTree = "<group>";
		};
		B699A344213020480073584E /* Data */ = {
			isa = PBXGroup;
			children = (
				B699A348213020870073584E /* DataStore */,
				B699A3492130208F0073584E /* Entity */,
			);
			path = Data;
			sourceTree = "<group>";
		};
		B699A3452130204D0073584E /* Domain */ = {
			isa = PBXGroup;
			children = (
				B699A34B213020A40073584E /* Repository */,
				B699A34C213020AB0073584E /* UseCase */,
				B699A34D213020B40073584E /* Model */,
			);
			path = Domain;
			sourceTree = "<group>";
		};
		B699A346213020570073584E /* Presentation */ = {
			isa = PBXGroup;
			children = (
				B699A34F213020D70073584E /* Presenter */,
				B699A34E213020D40073584E /* UI */,
			);
			path = Presentation;
			sourceTree = "<group>";
		};
		B699A347213020630073584E /* Others */ = {
			isa = PBXGroup;
			children = (
				B62EE7C52130165100A5763B /* AppDelegate.swift */,
				B62EE7CC2130165300A5763B /* Assets.xcassets */,
				B62EE7D12130165300A5763B /* Info.plist */,
			);
			path = Others;
			sourceTree = "<group>";
		};
		B699A348213020870073584E /* DataStore */ = {
			isa = PBXGroup;
			children = (
			);
			path = DataStore;
			sourceTree = "<group>";
		};
		B699A3492130208F0073584E /* Entity */ = {
			isa = PBXGroup;
			children = (
			);
			path = Entity;
			sourceTree = "<group>";
		};
		B699A34B213020A40073584E /* Repository */ = {
			isa = PBXGroup;
			children = (
			);
			path = Repository;
			sourceTree = "<group>";
		};
		B699A34C213020AB0073584E /* UseCase */ = {
			isa = PBXGroup;
			children = (
				B699A352213021110073584E /* Translator */,
			);
			path = UseCase;
			sourceTree = "<group>";
		};
		B699A34D213020B40073584E /* Model */ = {
			isa = PBXGroup;
			children = (
			);
			path = Model;
			sourceTree = "<group>";
		};
		B699A34E213020D40073584E /* UI */ = {
			isa = PBXGroup;
			children = (
				B699A351213020EC0073584E /* View */,
				B699A350213020E40073584E /* ViewController */,
			);
			path = UI;
			sourceTree = "<group>";
		};
		B699A34F213020D70073584E /* Presenter */ = {
			isa = PBXGroup;
			children = (
			);
			path = Presenter;
			sourceTree = "<group>";
		};
		B699A350213020E40073584E /* ViewController */ = {
			isa = PBXGroup;
			children = (
			);
			path = ViewController;
			sourceTree = "<group>";
		};
		B699A351213020EC0073584E /* View */ = {
			isa = PBXGroup;
			children = (
				B62EE7CE2130165300A5763B /* LaunchScreen.storyboard */,
			);
			path = View;
			sourceTree = "<group>";
		};
		B699A352213021110073584E /* Translator */ = {
			isa = PBXGroup;
			children = (
			);
			path = Translator;
			sourceTree = "<group>";
		};
/* End PBXGroup section */

/* Begin PBXNativeTarget section */
		B62EE7C12130165100A5763B /* ios-drawer-menu-demo */ = {
			isa = PBXNativeTarget;
			buildConfigurationList = B62EE7EA2130165300A5763B /* Build configuration list for PBXNativeTarget "ios-drawer-menu-demo" */;
			buildPhases = (
				AD0FCB362D661859AA6CDCC4 /* [CP] Check Pods Manifest.lock */,
				B62EE7BE2130165100A5763B /* Sources */,
				B62EE7BF2130165100A5763B /* Frameworks */,
				B62EE7C02130165100A5763B /* Resources */,
				9E775340D25AB9ECEB4E4CCF /* [CP] Embed Pods Frameworks */,
			);
			buildRules = (
			);
			dependencies = (
			);
			name = "ios-drawer-menu-demo";
			productName = "ios-drawer-menu-demo";
			productReference = B62EE7C22130165100A5763B /* ios-drawer-menu-demo.app */;
			productType = "com.apple.product-type.application";
		};
		B62EE7D52130165300A5763B /* ios-drawer-menu-demoTests */ = {
			isa = PBXNativeTarget;
			buildConfigurationList = B62EE7ED2130165300A5763B /* Build configuration list for PBXNativeTarget "ios-drawer-menu-demoTests" */;
			buildPhases = (
				78E53523789E6D41EC019D71 /* [CP] Check Pods Manifest.lock */,
				B62EE7D22130165300A5763B /* Sources */,
				B62EE7D32130165300A5763B /* Frameworks */,
				B62EE7D42130165300A5763B /* Resources */,
			);
			buildRules = (
			);
			dependencies = (
				B62EE7D82130165300A5763B /* PBXTargetDependency */,
			);
			name = "ios-drawer-menu-demoTests";
			productName = "ios-drawer-menu-demoTests";
			productReference = B62EE7D62130165300A5763B /* ios-drawer-menu-demoTests.xctest */;
			productType = "com.apple.product-type.bundle.unit-test";
		};
		B62EE7E02130165300A5763B /* ios-drawer-menu-demoUITests */ = {
			isa = PBXNativeTarget;
			buildConfigurationList = B62EE7F02130165300A5763B /* Build configuration list for PBXNativeTarget "ios-drawer-menu-demoUITests" */;
			buildPhases = (
				088CF4E71D01EF5BB271F298 /* [CP] Check Pods Manifest.lock */,
				B62EE7DD2130165300A5763B /* Sources */,
				B62EE7DE2130165300A5763B /* Frameworks */,
				B62EE7DF2130165300A5763B /* Resources */,
			);
			buildRules = (
			);
			dependencies = (
				B62EE7E32130165300A5763B /* PBXTargetDependency */,
			);
			name = "ios-drawer-menu-demoUITests";
			productName = "ios-drawer-menu-demoUITests";
			productReference = B62EE7E12130165300A5763B /* ios-drawer-menu-demoUITests.xctest */;
			productType = "com.apple.product-type.bundle.ui-testing";
		};
/* End PBXNativeTarget section */

/* Begin PBXProject section */
		B62EE7BA2130165100A5763B /* Project object */ = {
			isa = PBXProject;
			attributes = {
				LastSwiftUpdateCheck = 0940;
				LastUpgradeCheck = 0940;
				ORGANIZATIONNAME = YukiOkudera;
				TargetAttributes = {
					B62EE7C12130165100A5763B = {
						CreatedOnToolsVersion = 9.4.1;
					};
					B62EE7D52130165300A5763B = {
						CreatedOnToolsVersion = 9.4.1;
						TestTargetID = B62EE7C12130165100A5763B;
					};
					B62EE7E02130165300A5763B = {
						CreatedOnToolsVersion = 9.4.1;
						TestTargetID = B62EE7C12130165100A5763B;
					};
				};
			};
			buildConfigurationList = B62EE7BD2130165100A5763B /* Build configuration list for PBXProject "ios-drawer-menu-demo" */;
			compatibilityVersion = "Xcode 9.3";
			developmentRegion = en;
			hasScannedForEncodings = 0;
			knownRegions = (
				en,
				Base,
			);
			mainGroup = B62EE7B92130165100A5763B;
			productRefGroup = B62EE7C32130165100A5763B /* Products */;
			projectDirPath = "";
			projectRoot = "";
			targets = (
				B62EE7C12130165100A5763B /* ios-drawer-menu-demo */,
				B62EE7D52130165300A5763B /* ios-drawer-menu-demoTests */,
				B62EE7E02130165300A5763B /* ios-drawer-menu-demoUITests */,
			);
		};
/* End PBXProject section */

/* Begin PBXResourcesBuildPhase section */
		B62EE7C02130165100A5763B /* Resources */ = {
			isa = PBXResourcesBuildPhase;
			buildActionMask = 2147483647;
			files = (
				B62EE7D02130165300A5763B /* LaunchScreen.storyboard in Resources */,
				B62EE7CD2130165300A5763B /* Assets.xcassets in Resources */,
				B62EE7CB2130165200A5763B /* Main.storyboard in Resources */,
			);
			runOnlyForDeploymentPostprocessing = 0;
		};
		B62EE7D42130165300A5763B /* Resources */ = {
			isa = PBXResourcesBuildPhase;
			buildActionMask = 2147483647;
			files = (
			);
			runOnlyForDeploymentPostprocessing = 0;
		};
		B62EE7DF2130165300A5763B /* Resources */ = {
			isa = PBXResourcesBuildPhase;
			buildActionMask = 2147483647;
			files = (
			);
			runOnlyForDeploymentPostprocessing = 0;
		};
/* End PBXResourcesBuildPhase section */

/* Begin PBXShellScriptBuildPhase section */
		088CF4E71D01EF5BB271F298 /* [CP] Check Pods Manifest.lock */ = {
			isa = PBXShellScriptBuildPhase;
			buildActionMask = 2147483647;
			files = (
			);
			inputPaths = (
				"${PODS_PODFILE_DIR_PATH}/Podfile.lock",
				"${PODS_ROOT}/Manifest.lock",
			);
			name = "[CP] Check Pods Manifest.lock";
			outputPaths = (
				"$(DERIVED_FILE_DIR)/Pods-ios-drawer-menu-demoUITests-checkManifestLockResult.txt",
			);
			runOnlyForDeploymentPostprocessing = 0;
			shellPath = /bin/sh;
			shellScript = "diff \"${PODS_PODFILE_DIR_PATH}/Podfile.lock\" \"${PODS_ROOT}/Manifest.lock\" > /dev/null\nif [ $? != 0 ] ; then\n    # print error to STDERR\n    echo \"error: The sandbox is not in sync with the Podfile.lock. Run 'pod install' or update your CocoaPods installation.\" >&2\n    exit 1\nfi\n# This output is used by Xcode 'outputs' to avoid re-running this script phase.\necho \"SUCCESS\" > \"${SCRIPT_OUTPUT_FILE_0}\"\n";
			showEnvVarsInLog = 0;
		};
		78E53523789E6D41EC019D71 /* [CP] Check Pods Manifest.lock */ = {
			isa = PBXShellScriptBuildPhase;
			buildActionMask = 2147483647;
			files = (
			);
			inputPaths = (
				"${PODS_PODFILE_DIR_PATH}/Podfile.lock",
				"${PODS_ROOT}/Manifest.lock",
			);
			name = "[CP] Check Pods Manifest.lock";
			outputPaths = (
				"$(DERIVED_FILE_DIR)/Pods-ios-drawer-menu-demoTests-checkManifestLockResult.txt",
			);
			runOnlyForDeploymentPostprocessing = 0;
			shellPath = /bin/sh;
			shellScript = "diff \"${PODS_PODFILE_DIR_PATH}/Podfile.lock\" \"${PODS_ROOT}/Manifest.lock\" > /dev/null\nif [ $? != 0 ] ; then\n    # print error to STDERR\n    echo \"error: The sandbox is not in sync with the Podfile.lock. Run 'pod install' or update your CocoaPods installation.\" >&2\n    exit 1\nfi\n# This output is used by Xcode 'outputs' to avoid re-running this script phase.\necho \"SUCCESS\" > \"${SCRIPT_OUTPUT_FILE_0}\"\n";
			showEnvVarsInLog = 0;
		};
		9E775340D25AB9ECEB4E4CCF /* [CP] Embed Pods Frameworks */ = {
			isa = PBXShellScriptBuildPhase;
			buildActionMask = 2147483647;
			files = (
			);
			inputPaths = (
				"${SRCROOT}/Pods/Target Support Files/Pods-ios-drawer-menu-demo/Pods-ios-drawer-menu-demo-frameworks.sh",
				"${BUILT_PRODUCTS_DIR}/GRDB.swift/GRDB.framework",
				"${BUILT_PRODUCTS_DIR}/Nuke/Nuke.framework",
			);
			name = "[CP] Embed Pods Frameworks";
			outputPaths = (
				"${TARGET_BUILD_DIR}/${FRAMEWORKS_FOLDER_PATH}/GRDB.framework",
				"${TARGET_BUILD_DIR}/${FRAMEWORKS_FOLDER_PATH}/Nuke.framework",
			);
			runOnlyForDeploymentPostprocessing = 0;
			shellPath = /bin/sh;
			shellScript = "\"${SRCROOT}/Pods/Target Support Files/Pods-ios-drawer-menu-demo/Pods-ios-drawer-menu-demo-frameworks.sh\"\n";
			showEnvVarsInLog = 0;
		};
		AD0FCB362D661859AA6CDCC4 /* [CP] Check Pods Manifest.lock */ = {
			isa = PBXShellScriptBuildPhase;
			buildActionMask = 2147483647;
			files = (
			);
			inputPaths = (
				"${PODS_PODFILE_DIR_PATH}/Podfile.lock",
				"${PODS_ROOT}/Manifest.lock",
			);
			name = "[CP] Check Pods Manifest.lock";
			outputPaths = (
				"$(DERIVED_FILE_DIR)/Pods-ios-drawer-menu-demo-checkManifestLockResult.txt",
			);
			runOnlyForDeploymentPostprocessing = 0;
			shellPath = /bin/sh;
			shellScript = "diff \"${PODS_PODFILE_DIR_PATH}/Podfile.lock\" \"${PODS_ROOT}/Manifest.lock\" > /dev/null\nif [ $? != 0 ] ; then\n    # print error to STDERR\n    echo \"error: The sandbox is not in sync with the Podfile.lock. Run 'pod install' or update your CocoaPods installation.\" >&2\n    exit 1\nfi\n# This output is used by Xcode 'outputs' to avoid re-running this script phase.\necho \"SUCCESS\" > \"${SCRIPT_OUTPUT_FILE_0}\"\n";
			showEnvVarsInLog = 0;
		};
/* End PBXShellScriptBuildPhase section */

/* Begin PBXSourcesBuildPhase section */
		B62EE7BE2130165100A5763B /* Sources */ = {
			isa = PBXSourcesBuildPhase;
			buildActionMask = 2147483647;
			files = (
				B62EE7C82130165100A5763B /* ViewController.swift in Sources */,
				B62EE7C62130165100A5763B /* AppDelegate.swift in Sources */,
			);
			runOnlyForDeploymentPostprocessing = 0;
		};
		B62EE7D22130165300A5763B /* Sources */ = {
			isa = PBXSourcesBuildPhase;
			buildActionMask = 2147483647;
			files = (
				B62EE7DB2130165300A5763B /* ios_drawer_menu_demoTests.swift in Sources */,
			);
			runOnlyForDeploymentPostprocessing = 0;
		};
		B62EE7DD2130165300A5763B /* Sources */ = {
			isa = PBXSourcesBuildPhase;
			buildActionMask = 2147483647;
			files = (
				B62EE7E62130165300A5763B /* ios_drawer_menu_demoUITests.swift in Sources */,
			);
			runOnlyForDeploymentPostprocessing = 0;
		};
/* End PBXSourcesBuildPhase section */

/* Begin PBXTargetDependency section */
		B62EE7D82130165300A5763B /* PBXTargetDependency */ = {
			isa = PBXTargetDependency;
			target = B62EE7C12130165100A5763B /* ios-drawer-menu-demo */;
			targetProxy = B62EE7D72130165300A5763B /* PBXContainerItemProxy */;
		};
		B62EE7E32130165300A5763B /* PBXTargetDependency */ = {
			isa = PBXTargetDependency;
			target = B62EE7C12130165100A5763B /* ios-drawer-menu-demo */;
			targetProxy = B62EE7E22130165300A5763B /* PBXContainerItemProxy */;
		};
/* End PBXTargetDependency section */

/* Begin PBXVariantGroup section */
		B62EE7C92130165200A5763B /* Main.storyboard */ = {
			isa = PBXVariantGroup;
			children = (
				B62EE7CA2130165200A5763B /* Base */,
			);
			name = Main.storyboard;
			sourceTree = "<group>";
		};
		B62EE7CE2130165300A5763B /* LaunchScreen.storyboard */ = {
			isa = PBXVariantGroup;
			children = (
				B62EE7CF2130165300A5763B /* Base */,
			);
			name = LaunchScreen.storyboard;
			sourceTree = "<group>";
		};
/* End PBXVariantGroup section */

/* Begin XCBuildConfiguration section */
		B62EE7E82130165300A5763B /* Debug */ = {
			isa = XCBuildConfiguration;
			buildSettings = {
				ALWAYS_SEARCH_USER_PATHS = NO;
				CLANG_ANALYZER_NONNULL = YES;
				CLANG_ANALYZER_NUMBER_OBJECT_CONVERSION = YES_AGGRESSIVE;
				CLANG_CXX_LANGUAGE_STANDARD = "gnu++14";
				CLANG_CXX_LIBRARY = "libc++";
				CLANG_ENABLE_MODULES = YES;
				CLANG_ENABLE_OBJC_ARC = YES;
				CLANG_ENABLE_OBJC_WEAK = YES;
				CLANG_WARN_BLOCK_CAPTURE_AUTORELEASING = YES;
				CLANG_WARN_BOOL_CONVERSION = YES;
				CLANG_WARN_COMMA = YES;
				CLANG_WARN_CONSTANT_CONVERSION = YES;
				CLANG_WARN_DEPRECATED_OBJC_IMPLEMENTATIONS = YES;
				CLANG_WARN_DIRECT_OBJC_ISA_USAGE = YES_ERROR;
				CLANG_WARN_DOCUMENTATION_COMMENTS = YES;
				CLANG_WARN_EMPTY_BODY = YES;
				CLANG_WARN_ENUM_CONVERSION = YES;
				CLANG_WARN_INFINITE_RECURSION = YES;
				CLANG_WARN_INT_CONVERSION = YES;
				CLANG_WARN_NON_LITERAL_NULL_CONVERSION = YES;
				CLANG_WARN_OBJC_IMPLICIT_RETAIN_SELF = YES;
				CLANG_WARN_OBJC_LITERAL_CONVERSION = YES;
				CLANG_WARN_OBJC_ROOT_CLASS = YES_ERROR;
				CLANG_WARN_RANGE_LOOP_ANALYSIS = YES;
				CLANG_WARN_STRICT_PROTOTYPES = YES;
				CLANG_WARN_SUSPICIOUS_MOVE = YES;
				CLANG_WARN_UNGUARDED_AVAILABILITY = YES_AGGRESSIVE;
				CLANG_WARN_UNREACHABLE_CODE = YES;
				CLANG_WARN__DUPLICATE_METHOD_MATCH = YES;
				CODE_SIGN_IDENTITY = "iPhone Developer";
				COPY_PHASE_STRIP = NO;
				DEBUG_INFORMATION_FORMAT = dwarf;
				ENABLE_STRICT_OBJC_MSGSEND = YES;
				ENABLE_TESTABILITY = YES;
				GCC_C_LANGUAGE_STANDARD = gnu11;
				GCC_DYNAMIC_NO_PIC = NO;
				GCC_NO_COMMON_BLOCKS = YES;
				GCC_OPTIMIZATION_LEVEL = 0;
				GCC_PREPROCESSOR_DEFINITIONS = (
					"DEBUG=1",
					"$(inherited)",
				);
				GCC_WARN_64_TO_32_BIT_CONVERSION = YES;
				GCC_WARN_ABOUT_RETURN_TYPE = YES_ERROR;
				GCC_WARN_UNDECLARED_SELECTOR = YES;
				GCC_WARN_UNINITIALIZED_AUTOS = YES_AGGRESSIVE;
				GCC_WARN_UNUSED_FUNCTION = YES;
				GCC_WARN_UNUSED_VARIABLE = YES;
				IPHONEOS_DEPLOYMENT_TARGET = 11.4;
				MTL_ENABLE_DEBUG_INFO = YES;
				ONLY_ACTIVE_ARCH = YES;
				SDKROOT = iphoneos;
				SWIFT_ACTIVE_COMPILATION_CONDITIONS = DEBUG;
				SWIFT_OPTIMIZATION_LEVEL = "-Onone";
			};
			name = Debug;
		};
		B62EE7E92130165300A5763B /* Release */ = {
			isa = XCBuildConfiguration;
			buildSettings = {
				ALWAYS_SEARCH_USER_PATHS = NO;
				CLANG_ANALYZER_NONNULL = YES;
				CLANG_ANALYZER_NUMBER_OBJECT_CONVERSION = YES_AGGRESSIVE;
				CLANG_CXX_LANGUAGE_STANDARD = "gnu++14";
				CLANG_CXX_LIBRARY = "libc++";
				CLANG_ENABLE_MODULES = YES;
				CLANG_ENABLE_OBJC_ARC = YES;
				CLANG_ENABLE_OBJC_WEAK = YES;
				CLANG_WARN_BLOCK_CAPTURE_AUTORELEASING = YES;
				CLANG_WARN_BOOL_CONVERSION = YES;
				CLANG_WARN_COMMA = YES;
				CLANG_WARN_CONSTANT_CONVERSION = YES;
				CLANG_WARN_DEPRECATED_OBJC_IMPLEMENTATIONS = YES;
				CLANG_WARN_DIRECT_OBJC_ISA_USAGE = YES_ERROR;
				CLANG_WARN_DOCUMENTATION_COMMENTS = YES;
				CLANG_WARN_EMPTY_BODY = YES;
				CLANG_WARN_ENUM_CONVERSION = YES;
				CLANG_WARN_INFINITE_RECURSION = YES;
				CLANG_WARN_INT_CONVERSION = YES;
				CLANG_WARN_NON_LITERAL_NULL_CONVERSION = YES;
				CLANG_WARN_OBJC_IMPLICIT_RETAIN_SELF = YES;
				CLANG_WARN_OBJC_LITERAL_CONVERSION = YES;
				CLANG_WARN_OBJC_ROOT_CLASS = YES_ERROR;
				CLANG_WARN_RANGE_LOOP_ANALYSIS = YES;
				CLANG_WARN_STRICT_PROTOTYPES = YES;
				CLANG_WARN_SUSPICIOUS_MOVE = YES;
				CLANG_WARN_UNGUARDED_AVAILABILITY = YES_AGGRESSIVE;
				CLANG_WARN_UNREACHABLE_CODE = YES;
				CLANG_WARN__DUPLICATE_METHOD_MATCH = YES;
				CODE_SIGN_IDENTITY = "iPhone Developer";
				COPY_PHASE_STRIP = NO;
				DEBUG_INFORMATION_FORMAT = "dwarf-with-dsym";
				ENABLE_NS_ASSERTIONS = NO;
				ENABLE_STRICT_OBJC_MSGSEND = YES;
				GCC_C_LANGUAGE_STANDARD = gnu11;
				GCC_NO_COMMON_BLOCKS = YES;
				GCC_WARN_64_TO_32_BIT_CONVERSION = YES;
				GCC_WARN_ABOUT_RETURN_TYPE = YES_ERROR;
				GCC_WARN_UNDECLARED_SELECTOR = YES;
				GCC_WARN_UNINITIALIZED_AUTOS = YES_AGGRESSIVE;
				GCC_WARN_UNUSED_FUNCTION = YES;
				GCC_WARN_UNUSED_VARIABLE = YES;
				IPHONEOS_DEPLOYMENT_TARGET = 11.4;
				MTL_ENABLE_DEBUG_INFO = NO;
				SDKROOT = iphoneos;
				SWIFT_COMPILATION_MODE = wholemodule;
				SWIFT_OPTIMIZATION_LEVEL = "-O";
				VALIDATE_PRODUCT = YES;
			};
			name = Release;
		};
		B62EE7EB2130165300A5763B /* Debug */ = {
			isa = XCBuildConfiguration;
			baseConfigurationReference = 78C5ED83EA708FE59DDB524E /* Pods-ios-drawer-menu-demo.debug.xcconfig */;
			buildSettings = {
				ASSETCATALOG_COMPILER_APPICON_NAME = AppIcon;
				CODE_SIGN_STYLE = Automatic;
				DEVELOPMENT_TEAM = B8PR34D6DP;
				INFOPLIST_FILE = "$(SRCROOT)/ios-drawer-menu-demo/Others/Info.plist";
				IPHONEOS_DEPLOYMENT_TARGET = 10.0;
				LD_RUNPATH_SEARCH_PATHS = "$(inherited) @executable_path/Frameworks";
				PRODUCT_BUNDLE_IDENTIFIER = "jp.yuoku.ios-drawer-menu-demo";
				PRODUCT_NAME = "$(TARGET_NAME)";
				SWIFT_VERSION = 4.0;
				TARGETED_DEVICE_FAMILY = "1,2";
			};
			name = Debug;
		};
		B62EE7EC2130165300A5763B /* Release */ = {
			isa = XCBuildConfiguration;
			baseConfigurationReference = 82BB1A52D7ADB872DB7246AE /* Pods-ios-drawer-menu-demo.release.xcconfig */;
			buildSettings = {
				ASSETCATALOG_COMPILER_APPICON_NAME = AppIcon;
				CODE_SIGN_STYLE = Automatic;
				DEVELOPMENT_TEAM = B8PR34D6DP;
				INFOPLIST_FILE = "$(SRCROOT)/ios-drawer-menu-demo/Others/Info.plist";
				IPHONEOS_DEPLOYMENT_TARGET = 10.0;
				LD_RUNPATH_SEARCH_PATHS = "$(inherited) @executable_path/Frameworks";
				PRODUCT_BUNDLE_IDENTIFIER = "jp.yuoku.ios-drawer-menu-demo";
				PRODUCT_NAME = "$(TARGET_NAME)";
				SWIFT_VERSION = 4.0;
				TARGETED_DEVICE_FAMILY = "1,2";
			};
			name = Release;
		};
		B62EE7EE2130165300A5763B /* Debug */ = {
			isa = XCBuildConfiguration;
			baseConfigurationReference = 54BE0A3C86F9D560DA0ACE30 /* Pods-ios-drawer-menu-demoTests.debug.xcconfig */;
			buildSettings = {
				ALWAYS_EMBED_SWIFT_STANDARD_LIBRARIES = YES;
				BUNDLE_LOADER = "$(TEST_HOST)";
				CODE_SIGN_STYLE = Automatic;
				DEVELOPMENT_TEAM = B8PR34D6DP;
				INFOPLIST_FILE = "ios-drawer-menu-demoTests/Info.plist";
				LD_RUNPATH_SEARCH_PATHS = "$(inherited) @executable_path/Frameworks @loader_path/Frameworks";
				PRODUCT_BUNDLE_IDENTIFIER = "jp.yuoku.ios-drawer-menu-demoTests";
				PRODUCT_NAME = "$(TARGET_NAME)";
				SWIFT_VERSION = 4.0;
				TARGETED_DEVICE_FAMILY = "1,2";
				TEST_HOST = "$(BUILT_PRODUCTS_DIR)/ios-drawer-menu-demo.app/ios-drawer-menu-demo";
			};
			name = Debug;
		};
		B62EE7EF2130165300A5763B /* Release */ = {
			isa = XCBuildConfiguration;
			baseConfigurationReference = 6744B7D42538AB6D6398FE3A /* Pods-ios-drawer-menu-demoTests.release.xcconfig */;
			buildSettings = {
				ALWAYS_EMBED_SWIFT_STANDARD_LIBRARIES = YES;
				BUNDLE_LOADER = "$(TEST_HOST)";
				CODE_SIGN_STYLE = Automatic;
				DEVELOPMENT_TEAM = B8PR34D6DP;
				INFOPLIST_FILE = "ios-drawer-menu-demoTests/Info.plist";
				LD_RUNPATH_SEARCH_PATHS = "$(inherited) @executable_path/Frameworks @loader_path/Frameworks";
				PRODUCT_BUNDLE_IDENTIFIER = "jp.yuoku.ios-drawer-menu-demoTests";
				PRODUCT_NAME = "$(TARGET_NAME)";
				SWIFT_VERSION = 4.0;
				TARGETED_DEVICE_FAMILY = "1,2";
				TEST_HOST = "$(BUILT_PRODUCTS_DIR)/ios-drawer-menu-demo.app/ios-drawer-menu-demo";
			};
			name = Release;
		};
		B62EE7F12130165300A5763B /* Debug */ = {
			isa = XCBuildConfiguration;
			baseConfigurationReference = 7147E785CB87210F0EC50300 /* Pods-ios-drawer-menu-demoUITests.debug.xcconfig */;
			buildSettings = {
				ALWAYS_EMBED_SWIFT_STANDARD_LIBRARIES = YES;
				CODE_SIGN_STYLE = Automatic;
				DEVELOPMENT_TEAM = B8PR34D6DP;
				INFOPLIST_FILE = "ios-drawer-menu-demoUITests/Info.plist";
				LD_RUNPATH_SEARCH_PATHS = "$(inherited) @executable_path/Frameworks @loader_path/Frameworks";
				PRODUCT_BUNDLE_IDENTIFIER = "jp.yuoku.ios-drawer-menu-demoUITests";
				PRODUCT_NAME = "$(TARGET_NAME)";
				SWIFT_VERSION = 4.0;
				TARGETED_DEVICE_FAMILY = "1,2";
				TEST_TARGET_NAME = "ios-drawer-menu-demo";
			};
			name = Debug;
		};
		B62EE7F22130165300A5763B /* Release */ = {
			isa = XCBuildConfiguration;
			baseConfigurationReference = 7F88618F3394B546758FE7E8 /* Pods-ios-drawer-menu-demoUITests.release.xcconfig */;
			buildSettings = {
				ALWAYS_EMBED_SWIFT_STANDARD_LIBRARIES = YES;
				CODE_SIGN_STYLE = Automatic;
				DEVELOPMENT_TEAM = B8PR34D6DP;
				INFOPLIST_FILE = "ios-drawer-menu-demoUITests/Info.plist";
				LD_RUNPATH_SEARCH_PATHS = "$(inherited) @executable_path/Frameworks @loader_path/Frameworks";
				PRODUCT_BUNDLE_IDENTIFIER = "jp.yuoku.ios-drawer-menu-demoUITests";
				PRODUCT_NAME = "$(TARGET_NAME)";
				SWIFT_VERSION = 4.0;
				TARGETED_DEVICE_FAMILY = "1,2";
				TEST_TARGET_NAME = "ios-drawer-menu-demo";
			};
			name = Release;
		};
/* End XCBuildConfiguration section */

/* Begin XCConfigurationList section */
		B62EE7BD2130165100A5763B /* Build configuration list for PBXProject "ios-drawer-menu-demo" */ = {
			isa = XCConfigurationList;
			buildConfigurations = (
				B62EE7E82130165300A5763B /* Debug */,
				B62EE7E92130165300A5763B /* Release */,
			);
			defaultConfigurationIsVisible = 0;
			defaultConfigurationName = Release;
		};
		B62EE7EA2130165300A5763B /* Build configuration list for PBXNativeTarget "ios-drawer-menu-demo" */ = {
			isa = XCConfigurationList;
			buildConfigurations = (
				B62EE7EB2130165300A5763B /* Debug */,
				B62EE7EC2130165300A5763B /* Release */,
			);
			defaultConfigurationIsVisible = 0;
			defaultConfigurationName = Release;
		};
		B62EE7ED2130165300A5763B /* Build configuration list for PBXNativeTarget "ios-drawer-menu-demoTests" */ = {
			isa = XCConfigurationList;
			buildConfigurations = (
				B62EE7EE2130165300A5763B /* Debug */,
				B62EE7EF2130165300A5763B /* Release */,
			);
			defaultConfigurationIsVisible = 0;
			defaultConfigurationName = Release;
		};
		B62EE7F02130165300A5763B /* Build configuration list for PBXNativeTarget "ios-drawer-menu-demoUITests" */ = {
			isa = XCConfigurationList;
			buildConfigurations = (
				B62EE7F12130165300A5763B /* Debug */,
				B62EE7F22130165300A5763B /* Release */,
			);
			defaultConfigurationIsVisible = 0;
			defaultConfigurationName = Release;
		};
/* End XCConfigurationList section */
	};
	rootObject = B62EE7BA2130165100A5763B /* Project object */;
}
